// !$*UTF8*$!
{
	archiveVersion = 1;
	classes = {
	};
	objectVersion = 46;
	objects = {

/* Begin PBXBuildFile section */
		B61A600B1E88EAB200F0DE6B /* AppDelegate.swift in Sources */ = {isa = PBXBuildFile; fileRef = B61A600A1E88EAB200F0DE6B /* AppDelegate.swift */; };
		B61A600D1E88EAB200F0DE6B /* ViewController.swift in Sources */ = {isa = PBXBuildFile; fileRef = B61A600C1E88EAB200F0DE6B /* ViewController.swift */; };
		B61A60101E88EAB200F0DE6B /* Main.storyboard in Resources */ = {isa = PBXBuildFile; fileRef = B61A600E1E88EAB200F0DE6B /* Main.storyboard */; };
		B61A60121E88EAB200F0DE6B /* Assets.xcassets in Resources */ = {isa = PBXBuildFile; fileRef = B61A60111E88EAB200F0DE6B /* Assets.xcassets */; };
		B61A60151E88EAB200F0DE6B /* LaunchScreen.storyboard in Resources */ = {isa = PBXBuildFile; fileRef = B61A60131E88EAB200F0DE6B /* LaunchScreen.storyboard */; };
		B61A60201E88EAB200F0DE6B /* iso_test1Tests.swift in Sources */ = {isa = PBXBuildFile; fileRef = B61A601F1E88EAB200F0DE6B /* iso_test1Tests.swift */; };
		B61A602B1E88EAB200F0DE6B /* iso_test1UITests.swift in Sources */ = {isa = PBXBuildFile; fileRef = B61A602A1E88EAB200F0DE6B /* iso_test1UITests.swift */; };
/* End PBXBuildFile section */

/* Begin PBXContainerItemProxy section */
		B61A601C1E88EAB200F0DE6B /* PBXContainerItemProxy */ = {
			isa = PBXContainerItemProxy;
			containerPortal = B61A5FFF1E88EAB100F0DE6B /* Project object */;
			proxyType = 1;
			remoteGlobalIDString = B61A60061E88EAB100F0DE6B;
			remoteInfo = "iso-test1";
		};
		B61A60271E88EAB200F0DE6B /* PBXContainerItemProxy */ = {
			isa = PBXContainerItemProxy;
			containerPortal = B61A5FFF1E88EAB100F0DE6B /* Project object */;
			proxyType = 1;
			remoteGlobalIDString = B61A60061E88EAB100F0DE6B;
			remoteInfo = "iso-test1";
		};
/* End PBXContainerItemProxy section */

/* Begin PBXFileReference section */
		B61A60071E88EAB200F0DE6B /* iso-test1.app */ = {isa = PBXFileReference; explicitFileType = wrapper.application; includeInIndex = 0; path = "iso-test1.app"; sourceTree = BUILT_PRODUCTS_DIR; };
		B61A600A1E88EAB200F0DE6B /* AppDelegate.swift */ = {isa = PBXFileReference; lastKnownFileType = sourcecode.swift; path = AppDelegate.swift; sourceTree = "<group>"; };
		B61A600C1E88EAB200F0DE6B /* ViewController.swift */ = {isa = PBXFileReference; lastKnownFileType = sourcecode.swift; path = ViewController.swift; sourceTree = "<group>"; };
		B61A600F1E88EAB200F0DE6B /* Base */ = {isa = PBXFileReference; lastKnownFileType = file.storyboard; name = Base; path = Base.lproj/Main.storyboard; sourceTree = "<group>"; };
		B61A60111E88EAB200F0DE6B /* Assets.xcassets */ = {isa = PBXFileReference; lastKnownFileType = folder.assetcatalog; path = Assets.xcassets; sourceTree = "<group>"; };
		B61A60141E88EAB200F0DE6B /* Base */ = {isa = PBXFileReference; lastKnownFileType = file.storyboard; name = Base; path = Base.lproj/LaunchScreen.storyboard; sourceTree = "<group>"; };
		B61A60161E88EAB200F0DE6B /* Info.plist */ = {isa = PBXFileReference; lastKnownFileType = text.plist.xml; path = Info.plist; sourceTree = "<group>"; };
		B61A601B1E88EAB200F0DE6B /* iso-test1Tests.xctest */ = {isa = PBXFileReference; explicitFileType = wrapper.cfbundle; includeInIndex = 0; path = "iso-test1Tests.xctest"; sourceTree = BUILT_PRODUCTS_DIR; };
		B61A601F1E88EAB200F0DE6B /* iso_test1Tests.swift */ = {isa = PBXFileReference; lastKnownFileType = sourcecode.swift; path = iso_test1Tests.swift; sourceTree = "<group>"; };
		B61A60211E88EAB200F0DE6B /* Info.plist */ = {isa = PBXFileReference; lastKnownFileType = text.plist.xml; path = Info.plist; sourceTree = "<group>"; };
		B61A60261E88EAB200F0DE6B /* iso-test1UITests.xctest */ = {isa = PBXFileReference; explicitFileType = wrapper.cfbundle; includeInIndex = 0; path = "iso-test1UITests.xctest"; sourceTree = BUILT_PRODUCTS_DIR; };
		B61A602A1E88EAB200F0DE6B /* iso_test1UITests.swift */ = {isa = PBXFileReference; lastKnownFileType = sourcecode.swift; path = iso_test1UITests.swift; sourceTree = "<group>"; };
		B61A602C1E88EAB200F0DE6B /* Info.plist */ = {isa = PBXFileReference; lastKnownFileType = text.plist.xml; path = Info.plist; sourceTree = "<group>"; };
/* End PBXFileReference section */

/* Begin PBXFrameworksBuildPhase section */
		B61A60041E88EAB100F0DE6B /* Frameworks */ = {
			isa = PBXFrameworksBuildPhase;
			buildActionMask = 2147483647;
			files = (
			);
			runOnlyForDeploymentPostprocessing = 0;
		};
		B61A60181E88EAB200F0DE6B /* Frameworks */ = {
			isa = PBXFrameworksBuildPhase;
			buildActionMask = 2147483647;
			files = (
			);
			runOnlyForDeploymentPostprocessing = 0;
		};
		B61A60231E88EAB200F0DE6B /* Frameworks */ = {
			isa = PBXFrameworksBuildPhase;
			buildActionMask = 2147483647;
			files = (
			);
			runOnlyForDeploymentPostprocessing = 0;
		};
/* End PBXFrameworksBuildPhase section */

/* Begin PBXGroup section */
		B61A5FFE1E88EAB100F0DE6B = {
			isa = PBXGroup;
			children = (
				B61A60091E88EAB200F0DE6B /* iso-test1 */,
				B61A601E1E88EAB200F0DE6B /* iso-test1Tests */,
				B61A60291E88EAB200F0DE6B /* iso-test1UITests */,
				B61A60081E88EAB200F0DE6B /* Products */,
			);
			sourceTree = "<group>";
		};
		B61A60081E88EAB200F0DE6B /* Products */ = {
			isa = PBXGroup;
			children = (
				B61A60071E88EAB200F0DE6B /* iso-test1.app */,
				B61A601B1E88EAB200F0DE6B /* iso-test1Tests.xctest */,
				B61A60261E88EAB200F0DE6B /* iso-test1UITests.xctest */,
			);
			name = Products;
			sourceTree = "<group>";
		};
		B61A60091E88EAB200F0DE6B /* iso-test1 */ = {
			isa = PBXGroup;
			children = (
				B61A600A1E88EAB200F0DE6B /* AppDelegate.swift */,
				B61A600C1E88EAB200F0DE6B /* ViewController.swift */,
				B61A600E1E88EAB200F0DE6B /* Main.storyboard */,
				B61A60111E88EAB200F0DE6B /* Assets.xcassets */,
				B61A60131E88EAB200F0DE6B /* LaunchScreen.storyboard */,
				B61A60161E88EAB200F0DE6B /* Info.plist */,
			);
			path = "iso-test1";
			sourceTree = "<group>";
		};
		B61A601E1E88EAB200F0DE6B /* iso-test1Tests */ = {
			isa = PBXGroup;
			children = (
				B61A601F1E88EAB200F0DE6B /* iso_test1Tests.swift */,
				B61A60211E88EAB200F0DE6B /* Info.plist */,
			);
			path = "iso-test1Tests";
			sourceTree = "<group>";
		};
		B61A60291E88EAB200F0DE6B /* iso-test1UITests */ = {
			isa = PBXGroup;
			children = (
				B61A602A1E88EAB200F0DE6B /* iso_test1UITests.swift */,
				B61A602C1E88EAB200F0DE6B /* Info.plist */,
			);
			path = "iso-test1UITests";
			sourceTree = "<group>";
		};
/* End PBXGroup section */

/* Begin PBXNativeTarget section */
		B61A60061E88EAB100F0DE6B /* iso-test1 */ = {
			isa = PBXNativeTarget;
			buildConfigurationList = B61A602F1E88EAB200F0DE6B /* Build configuration list for PBXNativeTarget "iso-test1" */;
			buildPhases = (
				B61A60031E88EAB100F0DE6B /* Sources */,
				B61A60041E88EAB100F0DE6B /* Frameworks */,
				B61A60051E88EAB100F0DE6B /* Resources */,
			);
			buildRules = (
			);
			dependencies = (
			);
			name = "iso-test1";
			productName = "iso-test1";
			productReference = B61A60071E88EAB200F0DE6B /* iso-test1.app */;
			productType = "com.apple.product-type.application";
		};
		B61A601A1E88EAB200F0DE6B /* iso-test1Tests */ = {
			isa = PBXNativeTarget;
			buildConfigurationList = B61A60321E88EAB200F0DE6B /* Build configuration list for PBXNativeTarget "iso-test1Tests" */;
			buildPhases = (
				B61A60171E88EAB200F0DE6B /* Sources */,
				B61A60181E88EAB200F0DE6B /* Frameworks */,
				B61A60191E88EAB200F0DE6B /* Resources */,
			);
			buildRules = (
			);
			dependencies = (
				B61A601D1E88EAB200F0DE6B /* PBXTargetDependency */,
			);
			name = "iso-test1Tests";
			productName = "iso-test1Tests";
			productReference = B61A601B1E88EAB200F0DE6B /* iso-test1Tests.xctest */;
			productType = "com.apple.product-type.bundle.unit-test";
		};
		B61A60251E88EAB200F0DE6B /* iso-test1UITests */ = {
			isa = PBXNativeTarget;
			buildConfigurationList = B61A60351E88EAB200F0DE6B /* Build configuration list for PBXNativeTarget "iso-test1UITests" */;
			buildPhases = (
				B61A60221E88EAB200F0DE6B /* Sources */,
				B61A60231E88EAB200F0DE6B /* Frameworks */,
				B61A60241E88EAB200F0DE6B /* Resources */,
			);
			buildRules = (
			);
			dependencies = (
				B61A60281E88EAB200F0DE6B /* PBXTargetDependency */,
			);
			name = "iso-test1UITests";
			productName = "iso-test1UITests";
			productReference = B61A60261E88EAB200F0DE6B /* iso-test1UITests.xctest */;
			productType = "com.apple.product-type.bundle.ui-testing";
		};
/* End PBXNativeTarget section */

/* Begin PBXProject section */
		B61A5FFF1E88EAB100F0DE6B /* Project object */ = {
			isa = PBXProject;
			attributes = {
				LastSwiftUpdateCheck = 0820;
				LastUpgradeCheck = 0820;
				ORGANIZATIONNAME = leming;
				TargetAttributes = {
					B61A60061E88EAB100F0DE6B = {
						CreatedOnToolsVersion = 8.2.1;
						DevelopmentTeam = 69386JC5KD;
						ProvisioningStyle = Automatic;
					};
					B61A601A1E88EAB200F0DE6B = {
						CreatedOnToolsVersion = 8.2.1;
						DevelopmentTeam = 69386JC5KD;
						ProvisioningStyle = Automatic;
						TestTargetID = B61A60061E88EAB100F0DE6B;
					};
					B61A60251E88EAB200F0DE6B = {
						CreatedOnToolsVersion = 8.2.1;
						DevelopmentTeam = 69386JC5KD;
						ProvisioningStyle = Automatic;
						TestTargetID = B61A60061E88EAB100F0DE6B;
					};
				};
			};
			buildConfigurationList = B61A60021E88EAB100F0DE6B /* Build configuration list for PBXProject "iso-test1" */;
			compatibilityVersion = "Xcode 3.2";
			developmentRegion = English;
			hasScannedForEncodings = 0;
			knownRegions = (
				en,
				Base,
			);
			mainGroup = B61A5FFE1E88EAB100F0DE6B;
			productRefGroup = B61A60081E88EAB200F0DE6B /* Products */;
			projectDirPath = "";
			projectRoot = "";
			targets = (
				B61A60061E88EAB100F0DE6B /* iso-test1 */,
				B61A601A1E88EAB200F0DE6B /* iso-test1Tests */,
				B61A60251E88EAB200F0DE6B /* iso-test1UITests */,
			);
		};
/* End PBXProject section */

/* Begin PBXResourcesBuildPhase section */
		B61A60051E88EAB100F0DE6B /* Resources */ = {
			isa = PBXResourcesBuildPhase;
			buildActionMask = 2147483647;
			files = (
				B61A60151E88EAB200F0DE6B /* LaunchScreen.storyboard in Resources */,
				B61A60121E88EAB200F0DE6B /* Assets.xcassets in Resources */,
				B61A60101E88EAB200F0DE6B /* Main.storyboard in Resources */,
			);
			runOnlyForDeploymentPostprocessing = 0;
		};
		B61A60191E88EAB200F0DE6B /* Resources */ = {
			isa = PBXResourcesBuildPhase;
			buildActionMask = 2147483647;
			files = (
			);
			runOnlyForDeploymentPostprocessing = 0;
		};
		B61A60241E88EAB200F0DE6B /* Resources */ = {
			isa = PBXResourcesBuildPhase;
			buildActionMask = 2147483647;
			files = (
			);
			runOnlyForDeploymentPostprocessing = 0;
		};
/* End PBXResourcesBuildPhase section */

/* Begin PBXSourcesBuildPhase section */
		B61A60031E88EAB100F0DE6B /* Sources */ = {
			isa = PBXSourcesBuildPhase;
			buildActionMask = 2147483647;
			files = (
				B61A600D1E88EAB200F0DE6B /* ViewController.swift in Sources */,
				B61A600B1E88EAB200F0DE6B /* AppDelegate.swift in Sources */,
			);
			runOnlyForDeploymentPostprocessing = 0;
		};
		B61A60171E88EAB200F0DE6B /* Sources */ = {
			isa = PBXSourcesBuildPhase;
			buildActionMask = 2147483647;
			files = (
				B61A60201E88EAB200F0DE6B /* iso_test1Tests.swift in Sources */,
			);
			runOnlyForDeploymentPostprocessing = 0;
		};
		B61A60221E88EAB200F0DE6B /* Sources */ = {
			isa = PBXSourcesBuildPhase;
			buildActionMask = 2147483647;
			files = (
				B61A602B1E88EAB200F0DE6B /* iso_test1UITests.swift in Sources */,
			);
			runOnlyForDeploymentPostprocessing = 0;
		};
/* End PBXSourcesBuildPhase section */

/* Begin PBXTargetDependency section */
		B61A601D1E88EAB200F0DE6B /* PBXTargetDependency */ = {
			isa = PBXTargetDependency;
			target = B61A60061E88EAB100F0DE6B /* iso-test1 */;
			targetProxy = B61A601C1E88EAB200F0DE6B /* PBXContainerItemProxy */;
		};
		B61A60281E88EAB200F0DE6B /* PBXTargetDependency */ = {
			isa = PBXTargetDependency;
			target = B61A60061E88EAB100F0DE6B /* iso-test1 */;
			targetProxy = B61A60271E88EAB200F0DE6B /* PBXContainerItemProxy */;
		};
/* End PBXTargetDependency section */

/* Begin PBXVariantGroup section */
		B61A600E1E88EAB200F0DE6B /* Main.storyboard */ = {
			isa = PBXVariantGroup;
			children = (
				B61A600F1E88EAB200F0DE6B /* Base */,
			);
			name = Main.storyboard;
			sourceTree = "<group>";
		};
		B61A60131E88EAB200F0DE6B /* LaunchScreen.storyboard */ = {
			isa = PBXVariantGroup;
			children = (
				B61A60141E88EAB200F0DE6B /* Base */,
			);
			name = LaunchScreen.storyboard;
			sourceTree = "<group>";
		};
/* End PBXVariantGroup section */

/* Begin XCBuildConfiguration section */
		B61A602D1E88EAB200F0DE6B /* Debug */ = {
			isa = XCBuildConfiguration;
			buildSettings = {
				ALWAYS_SEARCH_USER_PATHS = NO;
				CLANG_ANALYZER_NONNULL = YES;
				CLANG_CXX_LANGUAGE_STANDARD = "gnu++0x";
				CLANG_CXX_LIBRARY = "libc++";
				CLANG_ENABLE_MODULES = YES;
				CLANG_ENABLE_OBJC_ARC = YES;
				CLANG_WARN_BOOL_CONVERSION = YES;
				CLANG_WARN_CONSTANT_CONVERSION = YES;
				CLANG_WARN_DIRECT_OBJC_ISA_USAGE = YES_ERROR;
				CLANG_WARN_DOCUMENTATION_COMMENTS = YES;
				CLANG_WARN_EMPTY_BODY = YES;
				CLANG_WARN_ENUM_CONVERSION = YES;
				CLANG_WARN_INFINITE_RECURSION = YES;
				CLANG_WARN_INT_CONVERSION = YES;
				CLANG_WARN_OBJC_ROOT_CLASS = YES_ERROR;
				CLANG_WARN_SUSPICIOUS_MOVE = YES;
				CLANG_WARN_UNREACHABLE_CODE = YES;
				CLANG_WARN__DUPLICATE_METHOD_MATCH = YES;
				"CODE_SIGN_IDENTITY[sdk=iphoneos*]" = "iPhone Developer";
				COPY_PHASE_STRIP = NO;
				DEBUG_INFORMATION_FORMAT = dwarf;
				ENABLE_STRICT_OBJC_MSGSEND = YES;
				ENABLE_TESTABILITY = YES;
				GCC_C_LANGUAGE_STANDARD = gnu99;
				GCC_DYNAMIC_NO_PIC = NO;
				GCC_NO_COMMON_BLOCKS = YES;
				GCC_OPTIMIZATION_LEVEL = 0;
				GCC_PREPROCESSOR_DEFINITIONS = (
					"DEBUG=1",
					"$(inherited)",
				);
				GCC_WARN_64_TO_32_BIT_CONVERSION = YES;
				GCC_WARN_ABOUT_RETURN_TYPE = YES_ERROR;
				GCC_WARN_UNDECLARED_SELECTOR = YES;
				GCC_WARN_UNINITIALIZED_AUTOS = YES_AGGRESSIVE;
				GCC_WARN_UNUSED_FUNCTION = YES;
				GCC_WARN_UNUSED_VARIABLE = YES;
				IPHONEOS_DEPLOYMENT_TARGET = 10.2;
				MTL_ENABLE_DEBUG_INFO = YES;
				ONLY_ACTIVE_ARCH = YES;
				SDKROOT = iphoneos;
				SWIFT_ACTIVE_COMPILATION_CONDITIONS = DEBUG;
				SWIFT_OPTIMIZATION_LEVEL = "-Onone";
				TARGETED_DEVICE_FAMILY = "1,2";
			};
			name = Debug;
		};
		B61A602E1E88EAB200F0DE6B /* Release */ = {
			isa = XCBuildConfiguration;
			buildSettings = {
				ALWAYS_SEARCH_USER_PATHS = NO;
				CLANG_ANALYZER_NONNULL = YES;
				CLANG_CXX_LANGUAGE_STANDARD = "gnu++0x";
				CLANG_CXX_LIBRARY = "libc++";
				CLANG_ENABLE_MODULES = YES;
				CLANG_ENABLE_OBJC_ARC = YES;
				CLANG_WARN_BOOL_CONVERSION = YES;
				CLANG_WARN_CONSTANT_CONVERSION = YES;
				CLANG_WARN_DIRECT_OBJC_ISA_USAGE = YES_ERROR;
				CLANG_WARN_DOCUMENTATION_COMMENTS = YES;
				CLANG_WARN_EMPTY_BODY = YES;
				CLANG_WARN_ENUM_CONVERSION = YES;
				CLANG_WARN_INFINITE_RECURSION = YES;
				CLANG_WARN_INT_CONVERSION = YES;
				CLANG_WARN_OBJC_ROOT_CLASS = YES_ERROR;
				CLANG_WARN_SUSPICIOUS_MOVE = YES;
				CLANG_WARN_UNREACHABLE_CODE = YES;
				CLANG_WARN__DUPLICATE_METHOD_MATCH = YES;
				"CODE_SIGN_IDENTITY[sdk=iphoneos*]" = "iPhone Developer";
				COPY_PHASE_STRIP = NO;
				DEBUG_INFORMATION_FORMAT = "dwarf-with-dsym";
				ENABLE_NS_ASSERTIONS = NO;
				ENABLE_STRICT_OBJC_MSGSEND = YES;
				GCC_C_LANGUAGE_STANDARD = gnu99;
				GCC_NO_COMMON_BLOCKS = YES;
				GCC_WARN_64_TO_32_BIT_CONVERSION = YES;
				GCC_WARN_ABOUT_RETURN_TYPE = YES_ERROR;
				GCC_WARN_UNDECLARED_SELECTOR = YES;
				GCC_WARN_UNINITIALIZED_AUTOS = YES_AGGRESSIVE;
				GCC_WARN_UNUSED_FUNCTION = YES;
				GCC_WARN_UNUSED_VARIABLE = YES;
				IPHONEOS_DEPLOYMENT_TARGET = 10.2;
				MTL_ENABLE_DEBUG_INFO = NO;
				SDKROOT = iphoneos;
				SWIFT_OPTIMIZATION_LEVEL = "-Owholemodule";
				TARGETED_DEVICE_FAMILY = "1,2";
				VALIDATE_PRODUCT = YES;
			};
			name = Release;
		};
		B61A60301E88EAB200F0DE6B /* Debug */ = {
			isa = XCBuildConfiguration;
			buildSettings = {
				ASSETCATALOG_COMPILER_APPICON_NAME = AppIcon;
				DEVELOPMENT_TEAM = 69386JC5KD;
				INFOPLIST_FILE = "iso-test1/Info.plist";
				LD_RUNPATH_SEARCH_PATHS = "$(inherited) @executable_path/Frameworks";
				PRODUCT_BUNDLE_IDENTIFIER = "com.leiming.iso-test1";
				PRODUCT_NAME = "$(TARGET_NAME)";
				SWIFT_VERSION = 3.0;
			};
			name = Debug;
		};
		B61A60311E88EAB200F0DE6B /* Release */ = {
			isa = XCBuildConfiguration;
			buildSettings = {
				ASSETCATALOG_COMPILER_APPICON_NAME = AppIcon;
				DEVELOPMENT_TEAM = 69386JC5KD;
				INFOPLIST_FILE = "iso-test1/Info.plist";
				LD_RUNPATH_SEARCH_PATHS = "$(inherited) @executable_path/Frameworks";
				PRODUCT_BUNDLE_IDENTIFIER = "com.leiming.iso-test1";
				PRODUCT_NAME = "$(TARGET_NAME)";
				SWIFT_VERSION = 3.0;
			};
			name = Release;
		};
		B61A60331E88EAB200F0DE6B /* Debug */ = {
			isa = XCBuildConfiguration;
			buildSettings = {
				ALWAYS_EMBED_SWIFT_STANDARD_LIBRARIES = YES;
				BUNDLE_LOADER = "$(TEST_HOST)";
				DEVELOPMENT_TEAM = 69386JC5KD;
				INFOPLIST_FILE = "iso-test1Tests/Info.plist";
				LD_RUNPATH_SEARCH_PATHS = "$(inherited) @executable_path/Frameworks @loader_path/Frameworks";
				PRODUCT_BUNDLE_IDENTIFIER = "com.leiming.iso-test1Tests";
				PRODUCT_NAME = "$(TARGET_NAME)";
				SWIFT_VERSION = 3.0;
				TEST_HOST = "$(BUILT_PRODUCTS_DIR)/iso-test1.app/iso-test1";
			};
			name = Debug;
		};
		B61A60341E88EAB200F0DE6B /* Release */ = {
			isa = XCBuildConfiguration;
			buildSettings = {
				ALWAYS_EMBED_SWIFT_STANDARD_LIBRARIES = YES;
				BUNDLE_LOADER = "$(TEST_HOST)";
				DEVELOPMENT_TEAM = 69386JC5KD;
				INFOPLIST_FILE = "iso-test1Tests/Info.plist";
				LD_RUNPATH_SEARCH_PATHS = "$(inherited) @executable_path/Frameworks @loader_path/Frameworks";
				PRODUCT_BUNDLE_IDENTIFIER = "com.leiming.iso-test1Tests";
				PRODUCT_NAME = "$(TARGET_NAME)";
				SWIFT_VERSION = 3.0;
				TEST_HOST = "$(BUILT_PRODUCTS_DIR)/iso-test1.app/iso-test1";
			};
			name = Release;
		};
		B61A60361E88EAB200F0DE6B /* Debug */ = {
			isa = XCBuildConfiguration;
			buildSettings = {
				ALWAYS_EMBED_SWIFT_STANDARD_LIBRARIES = YES;
				DEVELOPMENT_TEAM = 69386JC5KD;
				INFOPLIST_FILE = "iso-test1UITests/Info.plist";
				LD_RUNPATH_SEARCH_PATHS = "$(inherited) @executable_path/Frameworks @loader_path/Frameworks";
				PRODUCT_BUNDLE_IDENTIFIER = "com.leiming.iso-test1UITests";
				PRODUCT_NAME = "$(TARGET_NAME)";
				SWIFT_VERSION = 3.0;
				TEST_TARGET_NAME = "iso-test1";
			};
			name = Debug;
		};
		B61A60371E88EAB200F0DE6B /* Release */ = {
			isa = XCBuildConfiguration;
			buildSettings = {
				ALWAYS_EMBED_SWIFT_STANDARD_LIBRARIES = YES;
				DEVELOPMENT_TEAM = 69386JC5KD;
				INFOPLIST_FILE = "iso-test1UITests/Info.plist";
				LD_RUNPATH_SEARCH_PATHS = "$(inherited) @executable_path/Frameworks @loader_path/Frameworks";
				PRODUCT_BUNDLE_IDENTIFIER = "com.leiming.iso-test1UITests";
				PRODUCT_NAME = "$(TARGET_NAME)";
				SWIFT_VERSION = 3.0;
				TEST_TARGET_NAME = "iso-test1";
			};
			name = Release;
		};
/* End XCBuildConfiguration section */

/* Begin XCConfigurationList section */
		B61A60021E88EAB100F0DE6B /* Build configuration list for PBXProject "iso-test1" */ = {
			isa = XCConfigurationList;
			buildConfigurations = (
				B61A602D1E88EAB200F0DE6B /* Debug */,
				B61A602E1E88EAB200F0DE6B /* Release */,
			);
			defaultConfigurationIsVisible = 0;
			defaultConfigurationName = Release;
		};
		B61A602F1E88EAB200F0DE6B /* Build configuration list for PBXNativeTarget "iso-test1" */ = {
			isa = XCConfigurationList;
			buildConfigurations = (
				B61A60301E88EAB200F0DE6B /* Debug */,
				B61A60311E88EAB200F0DE6B /* Release */,
			);
			defaultConfigurationIsVisible = 0;
		};
		B61A60321E88EAB200F0DE6B /* Build configuration list for PBXNativeTarget "iso-test1Tests" */ = {
			isa = XCConfigurationList;
			buildConfigurations = (
				B61A60331E88EAB200F0DE6B /* Debug */,
				B61A60341E88EAB200F0DE6B /* Release */,
			);
			defaultConfigurationIsVisible = 0;
		};
		B61A60351E88EAB200F0DE6B /* Build configuration list for PBXNativeTarget "iso-test1UITests" */ = {
			isa = XCConfigurationList;
			buildConfigurations = (
				B61A60361E88EAB200F0DE6B /* Debug */,
				B61A60371E88EAB200F0DE6B /* Release */,
			);
			defaultConfigurationIsVisible = 0;
		};
/* End XCConfigurationList section */
	};
	rootObject = B61A5FFF1E88EAB100F0DE6B /* Project object */;
}
